
Microsoft Visual Studio Solution File, Format Version 12.00
# Visual Studio Version 17
VisualStudioVersion = 17.3.32901.215
MinimumVisualStudioVersion = 10.0.40219.1
Project("{9A19103F-16F7-4668-BE54-9A1E7A4F7556}") = "MagicVilla_VillaApi", "MagicVilla_VillaApi\MagicVilla_VillaApi.csproj", "{4C58F666-AC8F-451F-B135-626DC0B38927}"
EndProject
Project("{FAE04EC0-301F-11D3-BF4B-00C04F79EFBC}") = "MagicVilla_Web", "MagicVilla_Web\MagicVilla_Web.csproj", "{12A29B90-E83F-4BF5-AB1B-064DBDA6C85E}"
EndProject
Project("{FAE04EC0-301F-11D3-BF4B-00C04F79EFBC}") = "MagicVilla_Utility", "MagicVilla_Utility\MagicVilla_Utility.csproj", "{34B9B542-23D2-49BF-BBEE-157D26F5B34C}"
EndProject
Global
	GlobalSection(SolutionConfigurationPlatforms) = preSolution
		Debug|Any CPU = Debug|Any CPU
		Release|Any CPU = Release|Any CPU
	EndGlobalSection
	GlobalSection(ProjectConfigurationPlatforms) = postSolution
		{4C58F666-AC8F-451F-B135-626DC0B38927}.Debug|Any CPU.ActiveCfg = Debug|Any CPU
		{4C58F666-AC8F-451F-B135-626DC0B38927}.Debug|Any CPU.Build.0 = Debug|Any CPU
		{4C58F666-AC8F-451F-B135-626DC0B38927}.Release|Any CPU.ActiveCfg = Release|Any CPU
		{4C58F666-AC8F-451F-B135-626DC0B38927}.Release|Any CPU.Build.0 = Release|Any CPU
		{12A29B90-E83F-4BF5-AB1B-064DBDA6C85E}.Debug|Any CPU.ActiveCfg = Debug|Any CPU
		{12A29B90-E83F-4BF5-AB1B-064DBDA6C85E}.Debug|Any CPU.Build.0 = Debug|Any CPU
		{12A29B90-E83F-4BF5-AB1B-064DBDA6C85E}.Release|Any CPU.ActiveCfg = Release|Any CPU
		{12A29B90-E83F-4BF5-AB1B-064DBDA6C85E}.Release|Any CPU.Build.0 = Release|Any CPU
		{34B9B542-23D2-49BF-BBEE-157D26F5B34C}.Debug|Any CPU.ActiveCfg = Debug|Any CPU
		{34B9B542-23D2-49BF-BBEE-157D26F5B34C}.Debug|Any CPU.Build.0 = Debug|Any CPU
		{34B9B542-23D2-49BF-BBEE-157D26F5B34C}.Release|Any CPU.ActiveCfg = Release|Any CPU
		{34B9B542-23D2-49BF-BBEE-157D26F5B34C}.Release|Any CPU.Build.0 = Release|Any CPU
	EndGlobalSection
	GlobalSection(SolutionProperties) = preSolution
		HideSolutionNode = FALSE
	EndGlobalSection
	GlobalSection(ExtensibilityGlobals) = postSolution
		SolutionGuid = {FF173808-50A2-4909-A9F5-37217ECA407C}
	EndGlobalSection
EndGlobal
